
Microsoft Visual Studio Solution File, Format Version 12.00
Project("{FAE04EC0-301F-11D3-BF4B-00C04F79EFBC}") = "TexturePackToAtlas", "TexturePackToAtlas\TexturePackToAtlas.csproj", "{FFA3C619-BA16-444D-A311-F1A163A95277}"
EndProject
Global
	GlobalSection(SolutionConfigurationPlatforms) = preSolution
		Debug|Any CPU = Debug|Any CPU
		Release|Any CPU = Release|Any CPU
	EndGlobalSection
	GlobalSection(ProjectConfigurationPlatforms) = postSolution
		{FFA3C619-BA16-444D-A311-F1A163A95277}.Debug|Any CPU.ActiveCfg = Debug|Any CPU
		{FFA3C619-BA16-444D-A311-F1A163A95277}.Debug|Any CPU.Build.0 = Debug|Any CPU
		{FFA3C619-BA16-444D-A311-F1A163A95277}.Release|Any CPU.ActiveCfg = Release|Any CPU
		{FFA3C619-BA16-444D-A311-F1A163A95277}.Release|Any CPU.Build.0 = Release|Any CPU
	EndGlobalSection
EndGlobal
